// !$*UTF8*$!
{
	archiveVersion = 1;
	classes = {
	};
	objectVersion = 77;
	objects = {

/* Begin PBXContainerItemProxy section */
		3EA4B0ED2E3530C0008FE3E4 /* PBXContainerItemProxy */ = {
			isa = PBXContainerItemProxy;
			containerPortal = 3EA4B0D22E3530BF008FE3E4 /* Project object */;
			proxyType = 1;
			remoteGlobalIDString = 3EA4B0D92E3530BF008FE3E4;
			remoteInfo = Charades;
		};
		3EA4B0F72E3530C0008FE3E4 /* PBXContainerItemProxy */ = {
			isa = PBXContainerItemProxy;
			containerPortal = 3EA4B0D22E3530BF008FE3E4 /* Project object */;
			proxyType = 1;
			remoteGlobalIDString = 3EA4B0D92E3530BF008FE3E4;
			remoteInfo = Charades;
		};
/* End PBXContainerItemProxy section */

/* Begin PBXFileReference section */
		3EA4B0DA2E3530BF008FE3E4 /* Charades.app */ = {isa = PBXFileReference; explicitFileType = wrapper.application; includeInIndex = 0; path = Charades.app; sourceTree = BUILT_PRODUCTS_DIR; };
		3EA4B0EC2E3530C0008FE3E4 /* CharadesTests.xctest */ = {isa = PBXFileReference; explicitFileType = wrapper.cfbundle; includeInIndex = 0; path = CharadesTests.xctest; sourceTree = BUILT_PRODUCTS_DIR; };
		3EA4B0F62E3530C0008FE3E4 /* CharadesUITests.xctest */ = {isa = PBXFileReference; explicitFileType = wrapper.cfbundle; includeInIndex = 0; path = CharadesUITests.xctest; sourceTree = BUILT_PRODUCTS_DIR; };
/* End PBXFileReference section */

/* Begin PBXFileSystemSynchronizedRootGroup section */
		3EA4B0DC2E3530BF008FE3E4 /* Charades */ = {
			isa = PBXFileSystemSynchronizedRootGroup;
			path = Charades;
			sourceTree = "<group>";
		};
		3EA4B0EF2E3530C0008FE3E4 /* CharadesTests */ = {
			isa = PBXFileSystemSynchronizedRootGroup;
			path = CharadesTests;
			sourceTree = "<group>";
		};
		3EA4B0F92E3530C0008FE3E4 /* CharadesUITests */ = {
			isa = PBXFileSystemSynchronizedRootGroup;
			path = CharadesUITests;
			sourceTree = "<group>";
		};
/* End PBXFileSystemSynchronizedRootGroup section */

/* Begin PBXFrameworksBuildPhase section */
		3EA4B0D72E3530BF008FE3E4 /* Frameworks */ = {
			isa = PBXFrameworksBuildPhase;
			buildActionMask = 2147483647;
			files = (
			);
			runOnlyForDeploymentPostprocessing = 0;
		};
		3EA4B0E92E3530C0008FE3E4 /* Frameworks */ = {
			isa = PBXFrameworksBuildPhase;
			buildActionMask = 2147483647;
			files = (
			);
			runOnlyForDeploymentPostprocessing = 0;
		};
		3EA4B0F32E3530C0008FE3E4 /* Frameworks */ = {
			isa = PBXFrameworksBuildPhase;
			buildActionMask = 2147483647;
			files = (
			);
			runOnlyForDeploymentPostprocessing = 0;
		};
/* End PBXFrameworksBuildPhase section */

/* Begin PBXGroup section */
		3EA4B0D12E3530BF008FE3E4 = {
			isa = PBXGroup;
			children = (
				3EA4B0DC2E3530BF008FE3E4 /* Charades */,
				3EA4B0EF2E3530C0008FE3E4 /* CharadesTests */,
				3EA4B0F92E3530C0008FE3E4 /* CharadesUITests */,
				3EA4B0DB2E3530BF008FE3E4 /* Products */,
			);
			sourceTree = "<group>";
		};
		3EA4B0DB2E3530BF008FE3E4 /* Products */ = {
			isa = PBXGroup;
			children = (
				3EA4B0DA2E3530BF008FE3E4 /* Charades.app */,
				3EA4B0EC2E3530C0008FE3E4 /* CharadesTests.xctest */,
				3EA4B0F62E3530C0008FE3E4 /* CharadesUITests.xctest */,
			);
			name = Products;
			sourceTree = "<group>";
		};
/* End PBXGroup section */

/* Begin PBXNativeTarget section */
		3EA4B0D92E3530BF008FE3E4 /* Charades */ = {
			isa = PBXNativeTarget;
			buildConfigurationList = 3EA4B1002E3530C0008FE3E4 /* Build configuration list for PBXNativeTarget "Charades" */;
			buildPhases = (
				3EA4B0D62E3530BF008FE3E4 /* Sources */,
				3EA4B0D72E3530BF008FE3E4 /* Frameworks */,
				3EA4B0D82E3530BF008FE3E4 /* Resources */,
			);
			buildRules = (
			);
			dependencies = (
			);
			fileSystemSynchronizedGroups = (
				3EA4B0DC2E3530BF008FE3E4 /* Charades */,
			);
			name = Charades;
			packageProductDependencies = (
			);
			productName = Charades;
			productReference = 3EA4B0DA2E3530BF008FE3E4 /* Charades.app */;
			productType = "com.apple.product-type.application";
		};
		3EA4B0EB2E3530C0008FE3E4 /* CharadesTests */ = {
			isa = PBXNativeTarget;
			buildConfigurationList = 3EA4B1032E3530C0008FE3E4 /* Build configuration list for PBXNativeTarget "CharadesTests" */;
			buildPhases = (
				3EA4B0E82E3530C0008FE3E4 /* Sources */,
				3EA4B0E92E3530C0008FE3E4 /* Frameworks */,
				3EA4B0EA2E3530C0008FE3E4 /* Resources */,
			);
			buildRules = (
			);
			dependencies = (
				3EA4B0EE2E3530C0008FE3E4 /* PBXTargetDependency */,
			);
			fileSystemSynchronizedGroups = (
				3EA4B0EF2E3530C0008FE3E4 /* CharadesTests */,
			);
			name = CharadesTests;
			packageProductDependencies = (
			);
			productName = CharadesTests;
			productReference = 3EA4B0EC2E3530C0008FE3E4 /* CharadesTests.xctest */;
			productType = "com.apple.product-type.bundle.unit-test";
		};
		3EA4B0F52E3530C0008FE3E4 /* CharadesUITests */ = {
			isa = PBXNativeTarget;
			buildConfigurationList = 3EA4B1062E3530C0008FE3E4 /* Build configuration list for PBXNativeTarget "CharadesUITests" */;
			buildPhases = (
				3EA4B0F22E3530C0008FE3E4 /* Sources */,
				3EA4B0F32E3530C0008FE3E4 /* Frameworks */,
				3EA4B0F42E3530C0008FE3E4 /* Resources */,
			);
			buildRules = (
			);
			dependencies = (
				3EA4B0F82E3530C0008FE3E4 /* PBXTargetDependency */,
			);
			fileSystemSynchronizedGroups = (
				3EA4B0F92E3530C0008FE3E4 /* CharadesUITests */,
			);
			name = CharadesUITests;
			packageProductDependencies = (
			);
			productName = CharadesUITests;
			productReference = 3EA4B0F62E3530C0008FE3E4 /* CharadesUITests.xctest */;
			productType = "com.apple.product-type.bundle.ui-testing";
		};
/* End PBXNativeTarget section */

/* Begin PBXProject section */
		3EA4B0D22E3530BF008FE3E4 /* Project object */ = {
			isa = PBXProject;
			attributes = {
				BuildIndependentTargetsInParallel = 1;
				LastSwiftUpdateCheck = 1640;
				LastUpgradeCheck = 1640;
				TargetAttributes = {
					3EA4B0D92E3530BF008FE3E4 = {
						CreatedOnToolsVersion = 16.4;
					};
					3EA4B0EB2E3530C0008FE3E4 = {
						CreatedOnToolsVersion = 16.4;
						TestTargetID = 3EA4B0D92E3530BF008FE3E4;
					};
					3EA4B0F52E3530C0008FE3E4 = {
						CreatedOnToolsVersion = 16.4;
						TestTargetID = 3EA4B0D92E3530BF008FE3E4;
					};
				};
			};
			buildConfigurationList = 3EA4B0D52E3530BF008FE3E4 /* Build configuration list for PBXProject "Charades" */;
			developmentRegion = en;
			hasScannedForEncodings = 0;
			knownRegions = (
				en,
				Base,
			);
			mainGroup = 3EA4B0D12E3530BF008FE3E4;
			minimizedProjectReferenceProxies = 1;
			preferredProjectObjectVersion = 77;
			productRefGroup = 3EA4B0DB2E3530BF008FE3E4 /* Products */;
			projectDirPath = "";
			projectRoot = "";
			targets = (
				3EA4B0D92E3530BF008FE3E4 /* Charades */,
				3EA4B0EB2E3530C0008FE3E4 /* CharadesTests */,
				3EA4B0F52E3530C0008FE3E4 /* CharadesUITests */,
			);
		};
/* End PBXProject section */

/* Begin PBXResourcesBuildPhase section */
		3EA4B0D82E3530BF008FE3E4 /* Resources */ = {
			isa = PBXResourcesBuildPhase;
			buildActionMask = 2147483647;
			files = (
			);
			runOnlyForDeploymentPostprocessing = 0;
		};
		3EA4B0EA2E3530C0008FE3E4 /* Resources */ = {
			isa = PBXResourcesBuildPhase;
			buildActionMask = 2147483647;
			files = (
			);
			runOnlyForDeploymentPostprocessing = 0;
		};
		3EA4B0F42E3530C0008FE3E4 /* Resources */ = {
			isa = PBXResourcesBuildPhase;
			buildActionMask = 2147483647;
			files = (
			);
			runOnlyForDeploymentPostprocessing = 0;
		};
/* End PBXResourcesBuildPhase section */

/* Begin PBXSourcesBuildPhase section */
		3EA4B0D62E3530BF008FE3E4 /* Sources */ = {
			isa = PBXSourcesBuildPhase;
			buildActionMask = 2147483647;
			files = (
			);
			runOnlyForDeploymentPostprocessing = 0;
		};
		3EA4B0E82E3530C0008FE3E4 /* Sources */ = {
			isa = PBXSourcesBuildPhase;
			buildActionMask = 2147483647;
			files = (
			);
			runOnlyForDeploymentPostprocessing = 0;
		};
		3EA4B0F22E3530C0008FE3E4 /* Sources */ = {
			isa = PBXSourcesBuildPhase;
			buildActionMask = 2147483647;
			files = (
			);
			runOnlyForDeploymentPostprocessing = 0;
		};
/* End PBXSourcesBuildPhase section */

/* Begin PBXTargetDependency section */
		3EA4B0EE2E3530C0008FE3E4 /* PBXTargetDependency */ = {
			isa = PBXTargetDependency;
			target = 3EA4B0D92E3530BF008FE3E4 /* Charades */;
			targetProxy = 3EA4B0ED2E3530C0008FE3E4 /* PBXContainerItemProxy */;
		};
		3EA4B0F82E3530C0008FE3E4 /* PBXTargetDependency */ = {
			isa = PBXTargetDependency;
			target = 3EA4B0D92E3530BF008FE3E4 /* Charades */;
			targetProxy = 3EA4B0F72E3530C0008FE3E4 /* PBXContainerItemProxy */;
		};
/* End PBXTargetDependency section */

/* Begin XCBuildConfiguration section */
		3EA4B0FE2E3530C0008FE3E4 /* Debug */ = {
			isa = XCBuildConfiguration;
			buildSettings = {
				ALWAYS_SEARCH_USER_PATHS = NO;
				ASSETCATALOG_COMPILER_GENERATE_SWIFT_ASSET_SYMBOL_EXTENSIONS = YES;
				CLANG_ANALYZER_NONNULL = YES;
				CLANG_ANALYZER_NUMBER_OBJECT_CONVERSION = YES_AGGRESSIVE;
				CLANG_CXX_LANGUAGE_STANDARD = "gnu++20";
				CLANG_ENABLE_MODULES = YES;
				CLANG_ENABLE_OBJC_ARC = YES;
				CLANG_ENABLE_OBJC_WEAK = YES;
				CLANG_WARN_BLOCK_CAPTURE_AUTORELEASING = YES;
				CLANG_WARN_BOOL_CONVERSION = YES;
				CLANG_WARN_COMMA = YES;
				CLANG_WARN_CONSTANT_CONVERSION = YES;
				CLANG_WARN_DEPRECATED_OBJC_IMPLEMENTATIONS = YES;
				CLANG_WARN_DIRECT_OBJC_ISA_USAGE = YES_ERROR;
				CLANG_WARN_DOCUMENTATION_COMMENTS = YES;
				CLANG_WARN_EMPTY_BODY = YES;
				CLANG_WARN_ENUM_CONVERSION = YES;
				CLANG_WARN_INFINITE_RECURSION = YES;
				CLANG_WARN_INT_CONVERSION = YES;
				CLANG_WARN_NON_LITERAL_NULL_CONVERSION = YES;
				CLANG_WARN_OBJC_IMPLICIT_RETAIN_SELF = YES;
				CLANG_WARN_OBJC_LITERAL_CONVERSION = YES;
				CLANG_WARN_OBJC_ROOT_CLASS = YES_ERROR;
				CLANG_WARN_QUOTED_INCLUDE_IN_FRAMEWORK_HEADER = YES;
				CLANG_WARN_RANGE_LOOP_ANALYSIS = YES;
				CLANG_WARN_STRICT_PROTOTYPES = YES;
				CLANG_WARN_SUSPICIOUS_MOVE = YES;
				CLANG_WARN_UNGUARDED_AVAILABILITY = YES_AGGRESSIVE;
				CLANG_WARN_UNREACHABLE_CODE = YES;
				CLANG_WARN__DUPLICATE_METHOD_MATCH = YES;
				COPY_PHASE_STRIP = NO;
				DEBUG_INFORMATION_FORMAT = dwarf;
				ENABLE_STRICT_OBJC_MSGSEND = YES;
				ENABLE_TESTABILITY = YES;
				ENABLE_USER_SCRIPT_SANDBOXING = YES;
				GCC_C_LANGUAGE_STANDARD = gnu17;
				GCC_DYNAMIC_NO_PIC = NO;
				GCC_NO_COMMON_BLOCKS = YES;
				GCC_OPTIMIZATION_LEVEL = 0;
				GCC_PREPROCESSOR_DEFINITIONS = (
					"DEBUG=1",
					"$(inherited)",
				);
				GCC_WARN_64_TO_32_BIT_CONVERSION = YES;
				GCC_WARN_ABOUT_RETURN_TYPE = YES_ERROR;
				GCC_WARN_UNDECLARED_SELECTOR = YES;
				GCC_WARN_UNINITIALIZED_AUTOS = YES_AGGRESSIVE;
				GCC_WARN_UNUSED_FUNCTION = YES;
				GCC_WARN_UNUSED_VARIABLE = YES;
				IPHONEOS_DEPLOYMENT_TARGET = 18.5;
				LOCALIZATION_PREFERS_STRING_CATALOGS = YES;
				MTL_ENABLE_DEBUG_INFO = INCLUDE_SOURCE;
				MTL_FAST_MATH = YES;
				ONLY_ACTIVE_ARCH = YES;
				SDKROOT = iphoneos;
				SWIFT_ACTIVE_COMPILATION_CONDITIONS = "DEBUG $(inherited)";
				SWIFT_OPTIMIZATION_LEVEL = "-Onone";
			};
			name = Debug;
		};
		3EA4B0FF2E3530C0008FE3E4 /* Release */ = {
			isa = XCBuildConfiguration;
			buildSettings = {
				ALWAYS_SEARCH_USER_PATHS = NO;
				ASSETCATALOG_COMPILER_GENERATE_SWIFT_ASSET_SYMBOL_EXTENSIONS = YES;
				CLANG_ANALYZER_NONNULL = YES;
				CLANG_ANALYZER_NUMBER_OBJECT_CONVERSION = YES_AGGRESSIVE;
				CLANG_CXX_LANGUAGE_STANDARD = "gnu++20";
				CLANG_ENABLE_MODULES = YES;
				CLANG_ENABLE_OBJC_ARC = YES;
				CLANG_ENABLE_OBJC_WEAK = YES;
				CLANG_WARN_BLOCK_CAPTURE_AUTORELEASING = YES;
				CLANG_WARN_BOOL_CONVERSION = YES;
				CLANG_WARN_COMMA = YES;
				CLANG_WARN_CONSTANT_CONVERSION = YES;
				CLANG_WARN_DEPRECATED_OBJC_IMPLEMENTATIONS = YES;
				CLANG_WARN_DIRECT_OBJC_ISA_USAGE = YES_ERROR;
				CLANG_WARN_DOCUMENTATION_COMMENTS = YES;
				CLANG_WARN_EMPTY_BODY = YES;
				CLANG_WARN_ENUM_CONVERSION = YES;
				CLANG_WARN_INFINITE_RECURSION = YES;
				CLANG_WARN_INT_CONVERSION = YES;
				CLANG_WARN_NON_LITERAL_NULL_CONVERSION = YES;
				CLANG_WARN_OBJC_IMPLICIT_RETAIN_SELF = YES;
				CLANG_WARN_OBJC_LITERAL_CONVERSION = YES;
				CLANG_WARN_OBJC_ROOT_CLASS = YES_ERROR;
				CLANG_WARN_QUOTED_INCLUDE_IN_FRAMEWORK_HEADER = YES;
				CLANG_WARN_RANGE_LOOP_ANALYSIS = YES;
				CLANG_WARN_STRICT_PROTOTYPES = YES;
				CLANG_WARN_SUSPICIOUS_MOVE = YES;
				CLANG_WARN_UNGUARDED_AVAILABILITY = YES_AGGRESSIVE;
				CLANG_WARN_UNREACHABLE_CODE = YES;
				CLANG_WARN__DUPLICATE_METHOD_MATCH = YES;
				COPY_PHASE_STRIP = NO;
				DEBUG_INFORMATION_FORMAT = "dwarf-with-dsym";
				ENABLE_NS_ASSERTIONS = NO;
				ENABLE_STRICT_OBJC_MSGSEND = YES;
				ENABLE_USER_SCRIPT_SANDBOXING = YES;
				GCC_C_LANGUAGE_STANDARD = gnu17;
				GCC_NO_COMMON_BLOCKS = YES;
				GCC_WARN_64_TO_32_BIT_CONVERSION = YES;
				GCC_WARN_ABOUT_RETURN_TYPE = YES_ERROR;
				GCC_WARN_UNDECLARED_SELECTOR = YES;
				GCC_WARN_UNINITIALIZED_AUTOS = YES_AGGRESSIVE;
				GCC_WARN_UNUSED_FUNCTION = YES;
				GCC_WARN_UNUSED_VARIABLE = YES;
				IPHONEOS_DEPLOYMENT_TARGET = 18.5;
				LOCALIZATION_PREFERS_STRING_CATALOGS = YES;
				MTL_ENABLE_DEBUG_INFO = NO;
				MTL_FAST_MATH = YES;
				SDKROOT = iphoneos;
				SWIFT_COMPILATION_MODE = wholemodule;
				VALIDATE_PRODUCT = YES;
			};
			name = Release;
		};
		3EA4B1012E3530C0008FE3E4 /* Debug */ = {
			isa = XCBuildConfiguration;
			buildSettings = {
				ASSETCATALOG_COMPILER_APPICON_NAME = AppIcon;
				ASSETCATALOG_COMPILER_GLOBAL_ACCENT_COLOR_NAME = AccentColor;
				CODE_SIGN_STYLE = Automatic;
				CURRENT_PROJECT_VERSION = 1;
				ENABLE_PREVIEWS = YES;
				GENERATE_INFOPLIST_FILE = YES;
				INFOPLIST_KEY_UIApplicationSceneManifest_Generation = YES;
				INFOPLIST_KEY_UIApplicationSupportsIndirectInputEvents = YES;
				INFOPLIST_KEY_UILaunchScreen_Generation = YES;
				INFOPLIST_KEY_UISupportedInterfaceOrientations_iPad = "UIInterfaceOrientationPortrait UIInterfaceOrientationPortraitUpsideDown UIInterfaceOrientationLandscapeLeft UIInterfaceOrientationLandscapeRight";
				INFOPLIST_KEY_UISupportedInterfaceOrientations_iPhone = "UIInterfaceOrientationPortrait UIInterfaceOrientationLandscapeLeft UIInterfaceOrientationLandscapeRight";
				LD_RUNPATH_SEARCH_PATHS = (
					"$(inherited)",
					"@executable_path/Frameworks",
				);
				MARKETING_VERSION = 1.0;
				PRODUCT_BUNDLE_IDENTIFIER = nirekshetty.Charades;
				PRODUCT_NAME = "$(TARGET_NAME)";
				SWIFT_EMIT_LOC_STRINGS = YES;
				SWIFT_VERSION = 5.0;
				TARGETED_DEVICE_FAMILY = "1,2";
			};
			name = Debug;
		};
		3EA4B1022E3530C0008FE3E4 /* Release */ = {
			isa = XCBuildConfiguration;
			buildSettings = {
				ASSETCATALOG_COMPILER_APPICON_NAME = AppIcon;
				ASSETCATALOG_COMPILER_GLOBAL_ACCENT_COLOR_NAME = AccentColor;
				CODE_SIGN_STYLE = Automatic;
				CURRENT_PROJECT_VERSION = 1;
				ENABLE_PREVIEWS = YES;
				GENERATE_INFOPLIST_FILE = YES;
				INFOPLIST_KEY_UIApplicationSceneManifest_Generation = YES;
				INFOPLIST_KEY_UIApplicationSupportsIndirectInputEvents = YES;
				INFOPLIST_KEY_UILaunchScreen_Generation = YES;
				INFOPLIST_KEY_UISupportedInterfaceOrientations_iPad = "UIInterfaceOrientationPortrait UIInterfaceOrientationPortraitUpsideDown UIInterfaceOrientationLandscapeLeft UIInterfaceOrientationLandscapeRight";
				INFOPLIST_KEY_UISupportedInterfaceOrientations_iPhone = "UIInterfaceOrientationPortrait UIInterfaceOrientationLandscapeLeft UIInterfaceOrientationLandscapeRight";
				LD_RUNPATH_SEARCH_PATHS = (
					"$(inherited)",
					"@executable_path/Frameworks",
				);
				MARKETING_VERSION = 1.0;
				PRODUCT_BUNDLE_IDENTIFIER = nirekshetty.Charades;
				PRODUCT_NAME = "$(TARGET_NAME)";
				SWIFT_EMIT_LOC_STRINGS = YES;
				SWIFT_VERSION = 5.0;
				TARGETED_DEVICE_FAMILY = "1,2";
			};
			name = Release;
		};
		3EA4B1042E3530C0008FE3E4 /* Debug */ = {
			isa = XCBuildConfiguration;
			buildSettings = {
				BUNDLE_LOADER = "$(TEST_HOST)";
				CODE_SIGN_STYLE = Automatic;
				CURRENT_PROJECT_VERSION = 1;
				GENERATE_INFOPLIST_FILE = YES;
				IPHONEOS_DEPLOYMENT_TARGET = 18.5;
				MARKETING_VERSION = 1.0;
				PRODUCT_BUNDLE_IDENTIFIER = nirekshetty.CharadesTests;
				PRODUCT_NAME = "$(TARGET_NAME)";
				SWIFT_EMIT_LOC_STRINGS = NO;
				SWIFT_VERSION = 5.0;
				TARGETED_DEVICE_FAMILY = "1,2";
				TEST_HOST = "$(BUILT_PRODUCTS_DIR)/Charades.app/$(BUNDLE_EXECUTABLE_FOLDER_PATH)/Charades";
			};
			name = Debug;
		};
		3EA4B1052E3530C0008FE3E4 /* Release */ = {
			isa = XCBuildConfiguration;
			buildSettings = {
				BUNDLE_LOADER = "$(TEST_HOST)";
				CODE_SIGN_STYLE = Automatic;
				CURRENT_PROJECT_VERSION = 1;
				GENERATE_INFOPLIST_FILE = YES;
				IPHONEOS_DEPLOYMENT_TARGET = 18.5;
				MARKETING_VERSION = 1.0;
				PRODUCT_BUNDLE_IDENTIFIER = nirekshetty.CharadesTests;
				PRODUCT_NAME = "$(TARGET_NAME)";
				SWIFT_EMIT_LOC_STRINGS = NO;
				SWIFT_VERSION = 5.0;
				TARGETED_DEVICE_FAMILY = "1,2";
				TEST_HOST = "$(BUILT_PRODUCTS_DIR)/Charades.app/$(BUNDLE_EXECUTABLE_FOLDER_PATH)/Charades";
			};
			name = Release;
		};
		3EA4B1072E3530C0008FE3E4 /* Debug */ = {
			isa = XCBuildConfiguration;
			buildSettings = {
				CODE_SIGN_STYLE = Automatic;
				CURRENT_PROJECT_VERSION = 1;
				GENERATE_INFOPLIST_FILE = YES;
				MARKETING_VERSION = 1.0;
				PRODUCT_BUNDLE_IDENTIFIER = nirekshetty.CharadesUITests;
				PRODUCT_NAME = "$(TARGET_NAME)";
				SWIFT_EMIT_LOC_STRINGS = NO;
				SWIFT_VERSION = 5.0;
				TARGETED_DEVICE_FAMILY = "1,2";
				TEST_TARGET_NAME = Charades;
			};
			name = Debug;
		};
		3EA4B1082E3530C0008FE3E4 /* Release */ = {
			isa = XCBuildConfiguration;
			buildSettings = {
				CODE_SIGN_STYLE = Automatic;
				CURRENT_PROJECT_VERSION = 1;
				GENERATE_INFOPLIST_FILE = YES;
				MARKETING_VERSION = 1.0;
				PRODUCT_BUNDLE_IDENTIFIER = nirekshetty.CharadesUITests;
				PRODUCT_NAME = "$(TARGET_NAME)";
				SWIFT_EMIT_LOC_STRINGS = NO;
				SWIFT_VERSION = 5.0;
				TARGETED_DEVICE_FAMILY = "1,2";
				TEST_TARGET_NAME = Charades;
			};
			name = Release;
		};
/* End XCBuildConfiguration section */

/* Begin XCConfigurationList section */
		3EA4B0D52E3530BF008FE3E4 /* Build configuration list for PBXProject "Charades" */ = {
			isa = XCConfigurationList;
			buildConfigurations = (
				3EA4B0FE2E3530C0008FE3E4 /* Debug */,
				3EA4B0FF2E3530C0008FE3E4 /* Release */,
			);
			defaultConfigurationIsVisible = 0;
			defaultConfigurationName = Release;
		};
		3EA4B1002E3530C0008FE3E4 /* Build configuration list for PBXNativeTarget "Charades" */ = {
			isa = XCConfigurationList;
			buildConfigurations = (
				3EA4B1012E3530C0008FE3E4 /* Debug */,
				3EA4B1022E3530C0008FE3E4 /* Release */,
			);
			defaultConfigurationIsVisible = 0;
			defaultConfigurationName = Release;
		};
		3EA4B1032E3530C0008FE3E4 /* Build configuration list for PBXNativeTarget "CharadesTests" */ = {
			isa = XCConfigurationList;
			buildConfigurations = (
				3EA4B1042E3530C0008FE3E4 /* Debug */,
				3EA4B1052E3530C0008FE3E4 /* Release */,
			);
			defaultConfigurationIsVisible = 0;
			defaultConfigurationName = Release;
		};
		3EA4B1062E3530C0008FE3E4 /* Build configuration list for PBXNativeTarget "CharadesUITests" */ = {
			isa = XCConfigurationList;
			buildConfigurations = (
				3EA4B1072E3530C0008FE3E4 /* Debug */,
				3EA4B1082E3530C0008FE3E4 /* Release */,
			);
			defaultConfigurationIsVisible = 0;
			defaultConfigurationName = Release;
		};
/* End XCConfigurationList section */
	};
	rootObject = 3EA4B0D22E3530BF008FE3E4 /* Project object */;
}
